// !$*UTF8*$!
{
	archiveVersion = 1;
	classes = {
	};
	objectVersion = 50;
	objects = {

/* Begin PBXBuildFile section */
		6AF408DD232A7EE900F43626 /* AppDelegate.swift in Sources */ = {isa = PBXBuildFile; fileRef = 6AF408DC232A7EE900F43626 /* AppDelegate.swift */; };
		6AF408DF232A7EE900F43626 /* ViewController.swift in Sources */ = {isa = PBXBuildFile; fileRef = 6AF408DE232A7EE900F43626 /* ViewController.swift */; };
		6AF408E2232A7EE900F43626 /* Main.storyboard in Resources */ = {isa = PBXBuildFile; fileRef = 6AF408E0232A7EE900F43626 /* Main.storyboard */; };
		6AF408E4232A7EEA00F43626 /* Assets.xcassets in Resources */ = {isa = PBXBuildFile; fileRef = 6AF408E3232A7EEA00F43626 /* Assets.xcassets */; };
		6AF408E7232A7EEA00F43626 /* LaunchScreen.storyboard in Resources */ = {isa = PBXBuildFile; fileRef = 6AF408E5232A7EEA00F43626 /* LaunchScreen.storyboard */; };
		6AF408F0232A801100F43626 /* PLineChartView.swift in Sources */ = {isa = PBXBuildFile; fileRef = 6AF408EF232A801100F43626 /* PLineChartView.swift */; };
		6AF408F4232A809700F43626 /* PLineChartView.xib in Resources */ = {isa = PBXBuildFile; fileRef = 6AF408F3232A809700F43626 /* PLineChartView.xib */; };
		D742318BDF4E456FBC01BBCC /* Pods_ReusableLineGraph.framework in Frameworks */ = {isa = PBXBuildFile; fileRef = 5BF3CBD1A7EB62CB6F4F0FDC /* Pods_ReusableLineGraph.framework */; };
/* End PBXBuildFile section */

/* Begin PBXFileReference section */
		30B928A8CD4BF4BB07D63684 /* Pods-ReusableLineGraph.release.xcconfig */ = {isa = PBXFileReference; includeInIndex = 1; lastKnownFileType = text.xcconfig; name = "Pods-ReusableLineGraph.release.xcconfig"; path = "Pods/Target Support Files/Pods-ReusableLineGraph/Pods-ReusableLineGraph.release.xcconfig"; sourceTree = "<group>"; };
		5BF3CBD1A7EB62CB6F4F0FDC /* Pods_ReusableLineGraph.framework */ = {isa = PBXFileReference; explicitFileType = wrapper.framework; includeInIndex = 0; path = Pods_ReusableLineGraph.framework; sourceTree = BUILT_PRODUCTS_DIR; };
		6872C92D5FEDF26F55AAEBD5 /* Pods-ReusableLineGraph.debug.xcconfig */ = {isa = PBXFileReference; includeInIndex = 1; lastKnownFileType = text.xcconfig; name = "Pods-ReusableLineGraph.debug.xcconfig"; path = "Pods/Target Support Files/Pods-ReusableLineGraph/Pods-ReusableLineGraph.debug.xcconfig"; sourceTree = "<group>"; };
		6AF408D9232A7EE900F43626 /* ReusableLineGraph.app */ = {isa = PBXFileReference; explicitFileType = wrapper.application; includeInIndex = 0; path = ReusableLineGraph.app; sourceTree = BUILT_PRODUCTS_DIR; };
		6AF408DC232A7EE900F43626 /* AppDelegate.swift */ = {isa = PBXFileReference; lastKnownFileType = sourcecode.swift; path = AppDelegate.swift; sourceTree = "<group>"; };
		6AF408DE232A7EE900F43626 /* ViewController.swift */ = {isa = PBXFileReference; lastKnownFileType = sourcecode.swift; path = ViewController.swift; sourceTree = "<group>"; };
		6AF408E1232A7EE900F43626 /* Base */ = {isa = PBXFileReference; lastKnownFileType = file.storyboard; name = Base; path = Base.lproj/Main.storyboard; sourceTree = "<group>"; };
		6AF408E3232A7EEA00F43626 /* Assets.xcassets */ = {isa = PBXFileReference; lastKnownFileType = folder.assetcatalog; path = Assets.xcassets; sourceTree = "<group>"; };
		6AF408E6232A7EEA00F43626 /* Base */ = {isa = PBXFileReference; lastKnownFileType = file.storyboard; name = Base; path = Base.lproj/LaunchScreen.storyboard; sourceTree = "<group>"; };
		6AF408E8232A7EEA00F43626 /* Info.plist */ = {isa = PBXFileReference; lastKnownFileType = text.plist.xml; path = Info.plist; sourceTree = "<group>"; };
		6AF408EF232A801100F43626 /* PLineChartView.swift */ = {isa = PBXFileReference; lastKnownFileType = sourcecode.swift; path = PLineChartView.swift; sourceTree = "<group>"; };
		6AF408F3232A809700F43626 /* PLineChartView.xib */ = {isa = PBXFileReference; lastKnownFileType = file.xib; path = PLineChartView.xib; sourceTree = "<group>"; };
/* End PBXFileReference section */

/* Begin PBXFrameworksBuildPhase section */
		6AF408D6232A7EE900F43626 /* Frameworks */ = {
			isa = PBXFrameworksBuildPhase;
			buildActionMask = 2147483647;
			files = (
				D742318BDF4E456FBC01BBCC /* Pods_ReusableLineGraph.framework in Frameworks */,
			);
			runOnlyForDeploymentPostprocessing = 0;
		};
/* End PBXFrameworksBuildPhase section */

/* Begin PBXGroup section */
		07B7969B3D353473CB25D0EE /* Pods */ = {
			isa = PBXGroup;
			children = (
				6872C92D5FEDF26F55AAEBD5 /* Pods-ReusableLineGraph.debug.xcconfig */,
				30B928A8CD4BF4BB07D63684 /* Pods-ReusableLineGraph.release.xcconfig */,
			);
			name = Pods;
			sourceTree = "<group>";
		};
		6AF408D0232A7EE900F43626 = {
			isa = PBXGroup;
			children = (
				6AF408DB232A7EE900F43626 /* ReusableLineGraph */,
				6AF408DA232A7EE900F43626 /* Products */,
				07B7969B3D353473CB25D0EE /* Pods */,
				8FA919363958D1B492D091CC /* Frameworks */,
			);
			sourceTree = "<group>";
		};
		6AF408DA232A7EE900F43626 /* Products */ = {
			isa = PBXGroup;
			children = (
				6AF408D9232A7EE900F43626 /* ReusableLineGraph.app */,
			);
			name = Products;
			sourceTree = "<group>";
		};
		6AF408DB232A7EE900F43626 /* ReusableLineGraph */ = {
			isa = PBXGroup;
			children = (
				6AF408EE232A7FB900F43626 /* PLineChartView */,
				6AF408DC232A7EE900F43626 /* AppDelegate.swift */,
				6AF408DE232A7EE900F43626 /* ViewController.swift */,
				6AF408E0232A7EE900F43626 /* Main.storyboard */,
				6AF408E3232A7EEA00F43626 /* Assets.xcassets */,
				6AF408E5232A7EEA00F43626 /* LaunchScreen.storyboard */,
				6AF408E8232A7EEA00F43626 /* Info.plist */,
			);
			path = ReusableLineGraph;
			sourceTree = "<group>";
		};
		6AF408EE232A7FB900F43626 /* PLineChartView */ = {
			isa = PBXGroup;
			children = (
				6AF408EF232A801100F43626 /* PLineChartView.swift */,
				6AF408F3232A809700F43626 /* PLineChartView.xib */,
			);
			path = PLineChartView;
			sourceTree = "<group>";
		};
		8FA919363958D1B492D091CC /* Frameworks */ = {
			isa = PBXGroup;
			children = (
				5BF3CBD1A7EB62CB6F4F0FDC /* Pods_ReusableLineGraph.framework */,
			);
			name = Frameworks;
			sourceTree = "<group>";
		};
/* End PBXGroup section */

/* Begin PBXNativeTarget section */
		6AF408D8232A7EE900F43626 /* ReusableLineGraph */ = {
			isa = PBXNativeTarget;
			buildConfigurationList = 6AF408EB232A7EEA00F43626 /* Build configuration list for PBXNativeTarget "ReusableLineGraph" */;
			buildPhases = (
				82336485882566BB1A963740 /* [CP] Check Pods Manifest.lock */,
				6AF408D5232A7EE900F43626 /* Sources */,
				6AF408D6232A7EE900F43626 /* Frameworks */,
				6AF408D7232A7EE900F43626 /* Resources */,
				0BE100BCB76D5287A5CD421B /* [CP] Embed Pods Frameworks */,
			);
			buildRules = (
			);
			dependencies = (
			);
			name = ReusableLineGraph;
			productName = ReusableLineGraph;
			productReference = 6AF408D9232A7EE900F43626 /* ReusableLineGraph.app */;
			productType = "com.apple.product-type.application";
		};
/* End PBXNativeTarget section */

/* Begin PBXProject section */
		6AF408D1232A7EE900F43626 /* Project object */ = {
			isa = PBXProject;
			attributes = {
				LastSwiftUpdateCheck = 1030;
				LastUpgradeCheck = 1030;
				ORGANIZATIONNAME = "Isaac Annan";
				TargetAttributes = {
					6AF408D8232A7EE900F43626 = {
						CreatedOnToolsVersion = 10.3;
					};
				};
			};
			buildConfigurationList = 6AF408D4232A7EE900F43626 /* Build configuration list for PBXProject "ReusableLineGraph" */;
			compatibilityVersion = "Xcode 9.3";
			developmentRegion = en;
			hasScannedForEncodings = 0;
			knownRegions = (
				en,
				Base,
			);
			mainGroup = 6AF408D0232A7EE900F43626;
			productRefGroup = 6AF408DA232A7EE900F43626 /* Products */;
			projectDirPath = "";
			projectRoot = "";
			targets = (
				6AF408D8232A7EE900F43626 /* ReusableLineGraph */,
			);
		};
/* End PBXProject section */

/* Begin PBXResourcesBuildPhase section */
		6AF408D7232A7EE900F43626 /* Resources */ = {
			isa = PBXResourcesBuildPhase;
			buildActionMask = 2147483647;
			files = (
				6AF408F4232A809700F43626 /* PLineChartView.xib in Resources */,
				6AF408E7232A7EEA00F43626 /* LaunchScreen.storyboard in Resources */,
				6AF408E4232A7EEA00F43626 /* Assets.xcassets in Resources */,
				6AF408E2232A7EE900F43626 /* Main.storyboard in Resources */,
			);
			runOnlyForDeploymentPostprocessing = 0;
		};
/* End PBXResourcesBuildPhase section */

/* Begin PBXShellScriptBuildPhase section */
		0BE100BCB76D5287A5CD421B /* [CP] Embed Pods Frameworks */ = {
			isa = PBXShellScriptBuildPhase;
			buildActionMask = 2147483647;
			files = (
			);
			inputFileListPaths = (
			);
			inputPaths = (
				"${SRCROOT}/Pods/Target Support Files/Pods-ReusableLineGraph/Pods-ReusableLineGraph-frameworks.sh",
				"${BUILT_PRODUCTS_DIR}/Charts/Charts.framework",
			);
			name = "[CP] Embed Pods Frameworks";
			outputFileListPaths = (
			);
			outputPaths = (
				"${TARGET_BUILD_DIR}/${FRAMEWORKS_FOLDER_PATH}/Charts.framework",
			);
			runOnlyForDeploymentPostprocessing = 0;
			shellPath = /bin/sh;
			shellScript = "\"${SRCROOT}/Pods/Target Support Files/Pods-ReusableLineGraph/Pods-ReusableLineGraph-frameworks.sh\"\n";
			showEnvVarsInLog = 0;
		};
		82336485882566BB1A963740 /* [CP] Check Pods Manifest.lock */ = {
			isa = PBXShellScriptBuildPhase;
			buildActionMask = 2147483647;
			files = (
			);
			inputFileListPaths = (
			);
			inputPaths = (
				"${PODS_PODFILE_DIR_PATH}/Podfile.lock",
				"${PODS_ROOT}/Manifest.lock",
			);
			name = "[CP] Check Pods Manifest.lock";
			outputFileListPaths = (
			);
			outputPaths = (
				"$(DERIVED_FILE_DIR)/Pods-ReusableLineGraph-checkManifestLockResult.txt",
			);
			runOnlyForDeploymentPostprocessing = 0;
			shellPath = /bin/sh;
			shellScript = "diff \"${PODS_PODFILE_DIR_PATH}/Podfile.lock\" \"${PODS_ROOT}/Manifest.lock\" > /dev/null\nif [ $? != 0 ] ; then\n    # print error to STDERR\n    echo \"error: The sandbox is not in sync with the Podfile.lock. Run 'pod install' or update your CocoaPods installation.\" >&2\n    exit 1\nfi\n# This output is used by Xcode 'outputs' to avoid re-running this script phase.\necho \"SUCCESS\" > \"${SCRIPT_OUTPUT_FILE_0}\"\n";
			showEnvVarsInLog = 0;
		};
/* End PBXShellScriptBuildPhase section */

/* Begin PBXSourcesBuildPhase section */
		6AF408D5232A7EE900F43626 /* Sources */ = {
			isa = PBXSourcesBuildPhase;
			buildActionMask = 2147483647;
			files = (
				6AF408F0232A801100F43626 /* PLineChartView.swift in Sources */,
				6AF408DF232A7EE900F43626 /* ViewController.swift in Sources */,
				6AF408DD232A7EE900F43626 /* AppDelegate.swift in Sources */,
			);
			runOnlyForDeploymentPostprocessing = 0;
		};
/* End PBXSourcesBuildPhase section */

/* Begin PBXVariantGroup section */
		6AF408E0232A7EE900F43626 /* Main.storyboard */ = {
			isa = PBXVariantGroup;
			children = (
				6AF408E1232A7EE900F43626 /* Base */,
			);
			name = Main.storyboard;
			sourceTree = "<group>";
		};
		6AF408E5232A7EEA00F43626 /* LaunchScreen.storyboard */ = {
			isa = PBXVariantGroup;
			children = (
				6AF408E6232A7EEA00F43626 /* Base */,
			);
			name = LaunchScreen.storyboard;
			sourceTree = "<group>";
		};
/* End PBXVariantGroup section */

/* Begin XCBuildConfiguration section */
		6AF408E9232A7EEA00F43626 /* Debug */ = {
			isa = XCBuildConfiguration;
			buildSettings = {
				ALWAYS_SEARCH_USER_PATHS = NO;
				CLANG_ANALYZER_NONNULL = YES;
				CLANG_ANALYZER_NUMBER_OBJECT_CONVERSION = YES_AGGRESSIVE;
				CLANG_CXX_LANGUAGE_STANDARD = "gnu++14";
				CLANG_CXX_LIBRARY = "libc++";
				CLANG_ENABLE_MODULES = YES;
				CLANG_ENABLE_OBJC_ARC = YES;
				CLANG_ENABLE_OBJC_WEAK = YES;
				CLANG_WARN_BLOCK_CAPTURE_AUTORELEASING = YES;
				CLANG_WARN_BOOL_CONVERSION = YES;
				CLANG_WARN_COMMA = YES;
				CLANG_WARN_CONSTANT_CONVERSION = YES;
				CLANG_WARN_DEPRECATED_OBJC_IMPLEMENTATIONS = YES;
				CLANG_WARN_DIRECT_OBJC_ISA_USAGE = YES_ERROR;
				CLANG_WARN_DOCUMENTATION_COMMENTS = YES;
				CLANG_WARN_EMPTY_BODY = YES;
				CLANG_WARN_ENUM_CONVERSION = YES;
				CLANG_WARN_INFINITE_RECURSION = YES;
				CLANG_WARN_INT_CONVERSION = YES;
				CLANG_WARN_NON_LITERAL_NULL_CONVERSION = YES;
				CLANG_WARN_OBJC_IMPLICIT_RETAIN_SELF = YES;
				CLANG_WARN_OBJC_LITERAL_CONVERSION = YES;
				CLANG_WARN_OBJC_ROOT_CLASS = YES_ERROR;
				CLANG_WARN_RANGE_LOOP_ANALYSIS = YES;
				CLANG_WARN_STRICT_PROTOTYPES = YES;
				CLANG_WARN_SUSPICIOUS_MOVE = YES;
				CLANG_WARN_UNGUARDED_AVAILABILITY = YES_AGGRESSIVE;
				CLANG_WARN_UNREACHABLE_CODE = YES;
				CLANG_WARN__DUPLICATE_METHOD_MATCH = YES;
				CODE_SIGN_IDENTITY = "iPhone Developer";
				COPY_PHASE_STRIP = NO;
				DEBUG_INFORMATION_FORMAT = dwarf;
				ENABLE_STRICT_OBJC_MSGSEND = YES;
				ENABLE_TESTABILITY = YES;
				GCC_C_LANGUAGE_STANDARD = gnu11;
				GCC_DYNAMIC_NO_PIC = NO;
				GCC_NO_COMMON_BLOCKS = YES;
				GCC_OPTIMIZATION_LEVEL = 0;
				GCC_PREPROCESSOR_DEFINITIONS = (
					"DEBUG=1",
					"$(inherited)",
				);
				GCC_WARN_64_TO_32_BIT_CONVERSION = YES;
				GCC_WARN_ABOUT_RETURN_TYPE = YES_ERROR;
				GCC_WARN_UNDECLARED_SELECTOR = YES;
				GCC_WARN_UNINITIALIZED_AUTOS = YES_AGGRESSIVE;
				GCC_WARN_UNUSED_FUNCTION = YES;
				GCC_WARN_UNUSED_VARIABLE = YES;
				IPHONEOS_DEPLOYMENT_TARGET = 12.4;
				MTL_ENABLE_DEBUG_INFO = INCLUDE_SOURCE;
				MTL_FAST_MATH = YES;
				ONLY_ACTIVE_ARCH = YES;
				SDKROOT = iphoneos;
				SWIFT_ACTIVE_COMPILATION_CONDITIONS = DEBUG;
				SWIFT_OPTIMIZATION_LEVEL = "-Onone";
			};
			name = Debug;
		};
		6AF408EA232A7EEA00F43626 /* Release */ = {
			isa = XCBuildConfiguration;
			buildSettings = {
				ALWAYS_SEARCH_USER_PATHS = NO;
				CLANG_ANALYZER_NONNULL = YES;
				CLANG_ANALYZER_NUMBER_OBJECT_CONVERSION = YES_AGGRESSIVE;
				CLANG_CXX_LANGUAGE_STANDARD = "gnu++14";
				CLANG_CXX_LIBRARY = "libc++";
				CLANG_ENABLE_MODULES = YES;
				CLANG_ENABLE_OBJC_ARC = YES;
				CLANG_ENABLE_OBJC_WEAK = YES;
				CLANG_WARN_BLOCK_CAPTURE_AUTORELEASING = YES;
				CLANG_WARN_BOOL_CONVERSION = YES;
				CLANG_WARN_COMMA = YES;
				CLANG_WARN_CONSTANT_CONVERSION = YES;
				CLANG_WARN_DEPRECATED_OBJC_IMPLEMENTATIONS = YES;
				CLANG_WARN_DIRECT_OBJC_ISA_USAGE = YES_ERROR;
				CLANG_WARN_DOCUMENTATION_COMMENTS = YES;
				CLANG_WARN_EMPTY_BODY = YES;
				CLANG_WARN_ENUM_CONVERSION = YES;
				CLANG_WARN_INFINITE_RECURSION = YES;
				CLANG_WARN_INT_CONVERSION = YES;
				CLANG_WARN_NON_LITERAL_NULL_CONVERSION = YES;
				CLANG_WARN_OBJC_IMPLICIT_RETAIN_SELF = YES;
				CLANG_WARN_OBJC_LITERAL_CONVERSION = YES;
				CLANG_WARN_OBJC_ROOT_CLASS = YES_ERROR;
				CLANG_WARN_RANGE_LOOP_ANALYSIS = YES;
				CLANG_WARN_STRICT_PROTOTYPES = YES;
				CLANG_WARN_SUSPICIOUS_MOVE = YES;
				CLANG_WARN_UNGUARDED_AVAILABILITY = YES_AGGRESSIVE;
				CLANG_WARN_UNREACHABLE_CODE = YES;
				CLANG_WARN__DUPLICATE_METHOD_MATCH = YES;
				CODE_SIGN_IDENTITY = "iPhone Developer";
				COPY_PHASE_STRIP = NO;
				DEBUG_INFORMATION_FORMAT = "dwarf-with-dsym";
				ENABLE_NS_ASSERTIONS = NO;
				ENABLE_STRICT_OBJC_MSGSEND = YES;
				GCC_C_LANGUAGE_STANDARD = gnu11;
				GCC_NO_COMMON_BLOCKS = YES;
				GCC_WARN_64_TO_32_BIT_CONVERSION = YES;
				GCC_WARN_ABOUT_RETURN_TYPE = YES_ERROR;
				GCC_WARN_UNDECLARED_SELECTOR = YES;
				GCC_WARN_UNINITIALIZED_AUTOS = YES_AGGRESSIVE;
				GCC_WARN_UNUSED_FUNCTION = YES;
				GCC_WARN_UNUSED_VARIABLE = YES;
				IPHONEOS_DEPLOYMENT_TARGET = 12.4;
				MTL_ENABLE_DEBUG_INFO = NO;
				MTL_FAST_MATH = YES;
				SDKROOT = iphoneos;
				SWIFT_COMPILATION_MODE = wholemodule;
				SWIFT_OPTIMIZATION_LEVEL = "-O";
				VALIDATE_PRODUCT = YES;
			};
			name = Release;
		};
		6AF408EC232A7EEA00F43626 /* Debug */ = {
			isa = XCBuildConfiguration;
			baseConfigurationReference = 6872C92D5FEDF26F55AAEBD5 /* Pods-ReusableLineGraph.debug.xcconfig */;
			buildSettings = {
				ASSETCATALOG_COMPILER_APPICON_NAME = AppIcon;
				CODE_SIGN_STYLE = Automatic;
				INFOPLIST_FILE = ReusableLineGraph/Info.plist;
				LD_RUNPATH_SEARCH_PATHS = (
					"$(inherited)",
					"@executable_path/Frameworks",
				);
				PRODUCT_BUNDLE_IDENTIFIER = qodehub.ReusableLineGraph;
				PRODUCT_NAME = "$(TARGET_NAME)";
				SWIFT_VERSION = 5.0;
				TARGETED_DEVICE_FAMILY = "1,2";
			};
			name = Debug;
		};
		6AF408ED232A7EEA00F43626 /* Release */ = {
			isa = XCBuildConfiguration;
			baseConfigurationReference = 30B928A8CD4BF4BB07D63684 /* Pods-ReusableLineGraph.release.xcconfig */;
			buildSettings = {
				ASSETCATALOG_COMPILER_APPICON_NAME = AppIcon;
				CODE_SIGN_STYLE = Automatic;
				INFOPLIST_FILE = ReusableLineGraph/Info.plist;
				LD_RUNPATH_SEARCH_PATHS = (
					"$(inherited)",
					"@executable_path/Frameworks",
				);
				PRODUCT_BUNDLE_IDENTIFIER = qodehub.ReusableLineGraph;
				PRODUCT_NAME = "$(TARGET_NAME)";
				SWIFT_VERSION = 5.0;
				TARGETED_DEVICE_FAMILY = "1,2";
			};
			name = Release;
		};
/* End XCBuildConfiguration section */

/* Begin XCConfigurationList section */
		6AF408D4232A7EE900F43626 /* Build configuration list for PBXProject "ReusableLineGraph" */ = {
			isa = XCConfigurationList;
			buildConfigurations = (
				6AF408E9232A7EEA00F43626 /* Debug */,
				6AF408EA232A7EEA00F43626 /* Release */,
			);
			defaultConfigurationIsVisible = 0;
			defaultConfigurationName = Release;
		};
		6AF408EB232A7EEA00F43626 /* Build configuration list for PBXNativeTarget "ReusableLineGraph" */ = {
			isa = XCConfigurationList;
			buildConfigurations = (
				6AF408EC232A7EEA00F43626 /* Debug */,
				6AF408ED232A7EEA00F43626 /* Release */,
			);
			defaultConfigurationIsVisible = 0;
			defaultConfigurationName = Release;
		};
/* End XCConfigurationList section */
	};
	rootObject = 6AF408D1232A7EE900F43626 /* Project object */;
}
